
Microsoft Visual Studio Solution File, Format Version 12.00
Project("{FAE04EC0-301F-11D3-BF4B-00C04F79EFBC}") = "BT_L0_PhuongHaiNam", "BT_L0_PhuongHaiNam\BT_L0_PhuongHaiNam.csproj", "{5FE83AC0-E0C9-48F3-B6D2-C5A367CCF5D4}"
EndProject
Global
	GlobalSection(SolutionConfigurationPlatforms) = preSolution
		Debug|Any CPU = Debug|Any CPU
		Release|Any CPU = Release|Any CPU
	EndGlobalSection
	GlobalSection(ProjectConfigurationPlatforms) = postSolution
		{5FE83AC0-E0C9-48F3-B6D2-C5A367CCF5D4}.Debug|Any CPU.ActiveCfg = Debug|Any CPU
		{5FE83AC0-E0C9-48F3-B6D2-C5A367CCF5D4}.Debug|Any CPU.Build.0 = Debug|Any CPU
		{5FE83AC0-E0C9-48F3-B6D2-C5A367CCF5D4}.Release|Any CPU.ActiveCfg = Release|Any CPU
		{5FE83AC0-E0C9-48F3-B6D2-C5A367CCF5D4}.Release|Any CPU.Build.0 = Release|Any CPU
	EndGlobalSection
EndGlobal
